
Microsoft Visual Studio Solution File, Format Version 12.00
# Visual Studio 14
VisualStudioVersion = 14.0.25420.1
MinimumVisualStudioVersion = 10.0.40219.1
Project("{8BC9CEB8-8B4A-11D0-8D11-00A0C91BC942}") = "interrupt_demo_v1.0", "interrupt_demo_v1.0\interrupt_demo_v1.0.vcxproj", "{4853E606-3AB1-4EE8-83B6-813627D6149A}"
EndProject
Global
	GlobalSection(SolutionConfigurationPlatforms) = preSolution
		Debug|Toradex_CE800 = Debug|Toradex_CE800
		Release|Toradex_CE800 = Release|Toradex_CE800
	EndGlobalSection
	GlobalSection(ProjectConfigurationPlatforms) = postSolution
		{4853E606-3AB1-4EE8-83B6-813627D6149A}.Debug|Toradex_CE800.ActiveCfg = Debug|Toradex_CE800
		{4853E606-3AB1-4EE8-83B6-813627D6149A}.Debug|Toradex_CE800.Build.0 = Debug|Toradex_CE800
		{4853E606-3AB1-4EE8-83B6-813627D6149A}.Debug|Toradex_CE800.Deploy.0 = Debug|Toradex_CE800
		{4853E606-3AB1-4EE8-83B6-813627D6149A}.Release|Toradex_CE800.ActiveCfg = Release|Toradex_CE800
		{4853E606-3AB1-4EE8-83B6-813627D6149A}.Release|Toradex_CE800.Build.0 = Release|Toradex_CE800
		{4853E606-3AB1-4EE8-83B6-813627D6149A}.Release|Toradex_CE800.Deploy.0 = Release|Toradex_CE800
	EndGlobalSection
	GlobalSection(SolutionProperties) = preSolution
		HideSolutionNode = FALSE
	EndGlobalSection
EndGlobal
